
Microsoft Visual Studio Solution File, Format Version 12.00
# Visual Studio Version 16
VisualStudioVersion = 16.0.31613.86
MinimumVisualStudioVersion = 10.0.40219.1
Project("{FAE04EC0-301F-11D3-BF4B-00C04F79EFBC}") = "LoginScreen", "LoginScreen\LoginScreen.csproj", "{030B24D0-1374-432E-AC8F-29C6580BF267}"
EndProject
Global
	GlobalSection(SolutionConfigurationPlatforms) = preSolution
		Debug|Any CPU = Debug|Any CPU
		Release|Any CPU = Release|Any CPU
	EndGlobalSection
	GlobalSection(ProjectConfigurationPlatforms) = postSolution
		{030B24D0-1374-432E-AC8F-29C6580BF267}.Debug|Any CPU.ActiveCfg = Debug|Any CPU
		{030B24D0-1374-432E-AC8F-29C6580BF267}.Debug|Any CPU.Build.0 = Debug|Any CPU
		{030B24D0-1374-432E-AC8F-29C6580BF267}.Release|Any CPU.ActiveCfg = Release|Any CPU
		{030B24D0-1374-432E-AC8F-29C6580BF267}.Release|Any CPU.Build.0 = Release|Any CPU
	EndGlobalSection
	GlobalSection(SolutionProperties) = preSolution
		HideSolutionNode = FALSE
	EndGlobalSection
	GlobalSection(ExtensibilityGlobals) = postSolution
		SolutionGuid = {009277D6-E873-49DF-B58F-5194B6F8EEC2}
	EndGlobalSection
EndGlobal
